
Microsoft Visual Studio Solution File, Format Version 12.00
# Visual Studio 14
VisualStudioVersion = 14.0.23107.0
MinimumVisualStudioVersion = 10.0.40219.1
Project("{FAE04EC0-301F-11D3-BF4B-00C04F79EFBC}") = "Polynomial", "Polynomial\Polynomial.csproj", "{5F8E6DDE-2791-469F-A87C-E48DA487FCA2}"
EndProject
Project("{FAE04EC0-301F-11D3-BF4B-00C04F79EFBC}") = "Polynomial.Tests", "Polynomial.Tests\Polynomial.Tests.csproj", "{096AAD11-FFFC-4D84-A74A-3669A0A55A60}"
EndProject
Global
	GlobalSection(SolutionConfigurationPlatforms) = preSolution
		Debug|Any CPU = Debug|Any CPU
		Release|Any CPU = Release|Any CPU
	EndGlobalSection
	GlobalSection(ProjectConfigurationPlatforms) = postSolution
		{5F8E6DDE-2791-469F-A87C-E48DA487FCA2}.Debug|Any CPU.ActiveCfg = Debug|Any CPU
		{5F8E6DDE-2791-469F-A87C-E48DA487FCA2}.Debug|Any CPU.Build.0 = Debug|Any CPU
		{5F8E6DDE-2791-469F-A87C-E48DA487FCA2}.Release|Any CPU.ActiveCfg = Release|Any CPU
		{5F8E6DDE-2791-469F-A87C-E48DA487FCA2}.Release|Any CPU.Build.0 = Release|Any CPU
		{096AAD11-FFFC-4D84-A74A-3669A0A55A60}.Debug|Any CPU.ActiveCfg = Debug|Any CPU
		{096AAD11-FFFC-4D84-A74A-3669A0A55A60}.Debug|Any CPU.Build.0 = Debug|Any CPU
		{096AAD11-FFFC-4D84-A74A-3669A0A55A60}.Release|Any CPU.ActiveCfg = Release|Any CPU
		{096AAD11-FFFC-4D84-A74A-3669A0A55A60}.Release|Any CPU.Build.0 = Release|Any CPU
	EndGlobalSection
	GlobalSection(SolutionProperties) = preSolution
		HideSolutionNode = FALSE
	EndGlobalSection
EndGlobal
